{
  "name": "node_app",
  "version": "1.0.0",
  "lockfileVersion": 1,
  "requires": true,
  "dependencies": {
    "@types/node": {
      "version": "13.11.1",
      "resolved": "https://registry.npmjs.org/@types/node/-/node-13.11.1.tgz",
      "integrity": "sha512-eWQGP3qtxwL8FGneRrC5DwrJLGN4/dH1clNTuLfN81HCrxVtxRjygDTUoZJ5ASlDEeo0ppYFQjQIlXhtXpOn6g==",
      "dev": true
    },
    "image-size": {
      "version": "0.8.3",
      "resolved": "https://registry.npmjs.org/image-size/-/image-size-0.8.3.tgz",
      "integrity": "sha512-SMtq1AJ+aqHB45c3FsB4ERK0UCiA2d3H1uq8s+8T0Pf8A3W4teyBQyaFaktH6xvZqh+npwlKU7i4fJo0r7TYTg==",
      "requires": {
        "queue": "6.0.1"
      }
    },
    "inherits": {
      "version": "2.0.4",
      "resolved": "https://registry.npmjs.org/inherits/-/inherits-2.0.4.tgz",
      "integrity": "sha512-k/vGaX4/Yla3WzyMCvTQOXYeIHvqOKtnqBduzTHpzpQZzAskKMhZ2K+EnBiSM9zGSoIFeMpXKxa4dYeZIQqewQ=="
    },
    "jpeg-js": {
      "version": "0.4.4",
      "resolved": "https://registry.npmjs.org/jpeg-js/-/jpeg-js-0.4.4.tgz",
      "integrity": "sha512-WZzeDOEtTOBK4Mdsar0IqEU5sMr3vSV2RqkAIzUEV2BHnUfKGyswWFPFwK5EeDo93K3FohSHbLAjj0s1Wzd+dg=="
    },
    "queue": {
      "version": "6.0.1",
      "resolved": "https://registry.npmjs.org/queue/-/queue-6.0.1.tgz",
      "integrity": "sha512-AJBQabRCCNr9ANq8v77RJEv73DPbn55cdTb+Giq4X0AVnNVZvMHlYp7XlQiN+1npCZj1DuSmaA2hYVUUDgxFDg==",
      "requires": {
        "inherits": "~2.0.3"
      }
    },
    "typescript": {
      "version": "3.8.3",
      "resolved": "https://registry.npmjs.org/typescript/-/typescript-3.8.3.tgz",
      "integrity": "sha512-MYlEfn5VrLNsgudQTVJeNaQFUAI7DkhnOjdpAp4T+ku1TfQClewlbSuTVHiA+8skNBgaf02TL/kLOvig4y3G8w==",
      "dev": true
    }
  }
}
